
Microsoft Visual Studio Solution File, Format Version 12.00
# Visual Studio 2013
VisualStudioVersion = 12.0.30501.0
MinimumVisualStudioVersion = 10.0.40219.1
Project("{FAE04EC0-301F-11D3-BF4B-00C04F79EFBC}") = "FakerOfData.Core", "src\FakerOfData.Core\FakerOfData.Core.csproj", "{C704105F-9BB2-4909-8B0F-6FDE317E03BA}"
EndProject
Project("{FAE04EC0-301F-11D3-BF4B-00C04F79EFBC}") = "FakerOfData.Core.Test", "test\FakerOfData.Core.Test\FakerOfData.Core.Test.csproj", "{A8D20274-AA99-431D-96E5-E22AF0761249}"
EndProject
Project("{FAE04EC0-301F-11D3-BF4B-00C04F79EFBC}") = "FakerOfData.Csv", "src\FakerOfData.Csv\FakerOfData.Csv.csproj", "{02CC4F85-6846-49F1-A674-5609C27C51C8}"
EndProject
Project("{FAE04EC0-301F-11D3-BF4B-00C04F79EFBC}") = "FakerOfData.Csv.Test", "test\FakerOfData.Csv.Test\FakerOfData.Csv.Test.csproj", "{789F0345-12E7-4A84-BBD9-A083E107BBA9}"
EndProject
Project("{FAE04EC0-301F-11D3-BF4B-00C04F79EFBC}") = "FakerOfData.Sql.Test", "test\FakerOfData.Sql.Test\FakerOfData.Sql.Test.csproj", "{CF27801B-0401-4946-9E48-679E1BB24721}"
EndProject
Project("{FAE04EC0-301F-11D3-BF4B-00C04F79EFBC}") = "FakerOfData.Sql", "src\FakerOfData.Sql\FakerOfData.Sql.csproj", "{64765413-E5EC-4F25-8171-861C6AB5AA8C}"
EndProject
Project("{FAE04EC0-301F-11D3-BF4B-00C04F79EFBC}") = "FakerOfData.Common", "src\FakerOfData.Common\FakerOfData.Common.csproj", "{519EA7F1-A993-44CD-ADC3-6E2D04CD5B03}"
EndProject
Project("{FAE04EC0-301F-11D3-BF4B-00C04F79EFBC}") = "FakerOfData.Common.Test", "test\FakerOfData.Common.Test\FakerOfData.Common.Test.csproj", "{568BBB5D-78ED-4F91-BDE1-2EF68739832E}"
EndProject
Global
	GlobalSection(SolutionConfigurationPlatforms) = preSolution
		Debug|Any CPU = Debug|Any CPU
		Release|Any CPU = Release|Any CPU
	EndGlobalSection
	GlobalSection(ProjectConfigurationPlatforms) = postSolution
		{C704105F-9BB2-4909-8B0F-6FDE317E03BA}.Debug|Any CPU.ActiveCfg = Debug|Any CPU
		{C704105F-9BB2-4909-8B0F-6FDE317E03BA}.Debug|Any CPU.Build.0 = Debug|Any CPU
		{C704105F-9BB2-4909-8B0F-6FDE317E03BA}.Release|Any CPU.ActiveCfg = Release|Any CPU
		{C704105F-9BB2-4909-8B0F-6FDE317E03BA}.Release|Any CPU.Build.0 = Release|Any CPU
		{A8D20274-AA99-431D-96E5-E22AF0761249}.Debug|Any CPU.ActiveCfg = Debug|Any CPU
		{A8D20274-AA99-431D-96E5-E22AF0761249}.Debug|Any CPU.Build.0 = Debug|Any CPU
		{A8D20274-AA99-431D-96E5-E22AF0761249}.Release|Any CPU.ActiveCfg = Release|Any CPU
		{A8D20274-AA99-431D-96E5-E22AF0761249}.Release|Any CPU.Build.0 = Release|Any CPU
		{02CC4F85-6846-49F1-A674-5609C27C51C8}.Debug|Any CPU.ActiveCfg = Debug|Any CPU
		{02CC4F85-6846-49F1-A674-5609C27C51C8}.Debug|Any CPU.Build.0 = Debug|Any CPU
		{02CC4F85-6846-49F1-A674-5609C27C51C8}.Release|Any CPU.ActiveCfg = Release|Any CPU
		{02CC4F85-6846-49F1-A674-5609C27C51C8}.Release|Any CPU.Build.0 = Release|Any CPU
		{789F0345-12E7-4A84-BBD9-A083E107BBA9}.Debug|Any CPU.ActiveCfg = Debug|Any CPU
		{789F0345-12E7-4A84-BBD9-A083E107BBA9}.Debug|Any CPU.Build.0 = Debug|Any CPU
		{789F0345-12E7-4A84-BBD9-A083E107BBA9}.Release|Any CPU.ActiveCfg = Release|Any CPU
		{789F0345-12E7-4A84-BBD9-A083E107BBA9}.Release|Any CPU.Build.0 = Release|Any CPU
		{CF27801B-0401-4946-9E48-679E1BB24721}.Debug|Any CPU.ActiveCfg = Debug|Any CPU
		{CF27801B-0401-4946-9E48-679E1BB24721}.Debug|Any CPU.Build.0 = Debug|Any CPU
		{CF27801B-0401-4946-9E48-679E1BB24721}.Release|Any CPU.ActiveCfg = Release|Any CPU
		{CF27801B-0401-4946-9E48-679E1BB24721}.Release|Any CPU.Build.0 = Release|Any CPU
		{64765413-E5EC-4F25-8171-861C6AB5AA8C}.Debug|Any CPU.ActiveCfg = Debug|Any CPU
		{64765413-E5EC-4F25-8171-861C6AB5AA8C}.Debug|Any CPU.Build.0 = Debug|Any CPU
		{64765413-E5EC-4F25-8171-861C6AB5AA8C}.Release|Any CPU.ActiveCfg = Release|Any CPU
		{64765413-E5EC-4F25-8171-861C6AB5AA8C}.Release|Any CPU.Build.0 = Release|Any CPU
		{519EA7F1-A993-44CD-ADC3-6E2D04CD5B03}.Debug|Any CPU.ActiveCfg = Debug|Any CPU
		{519EA7F1-A993-44CD-ADC3-6E2D04CD5B03}.Debug|Any CPU.Build.0 = Debug|Any CPU
		{519EA7F1-A993-44CD-ADC3-6E2D04CD5B03}.Release|Any CPU.ActiveCfg = Release|Any CPU
		{519EA7F1-A993-44CD-ADC3-6E2D04CD5B03}.Release|Any CPU.Build.0 = Release|Any CPU
		{568BBB5D-78ED-4F91-BDE1-2EF68739832E}.Debug|Any CPU.ActiveCfg = Debug|Any CPU
		{568BBB5D-78ED-4F91-BDE1-2EF68739832E}.Debug|Any CPU.Build.0 = Debug|Any CPU
		{568BBB5D-78ED-4F91-BDE1-2EF68739832E}.Release|Any CPU.ActiveCfg = Release|Any CPU
		{568BBB5D-78ED-4F91-BDE1-2EF68739832E}.Release|Any CPU.Build.0 = Release|Any CPU
	EndGlobalSection
	GlobalSection(SolutionProperties) = preSolution
		HideSolutionNode = FALSE
	EndGlobalSection
EndGlobal
